Microsoft Visual Studio Solution File, Format Version 12.00
# Visual Studio 14
VisualStudioVersion = 14.0.25420.1
MinimumVisualStudioVersion = 10.0.40219.1
Project("{FAE04EC0-301F-11D3-BF4B-00C04F79EFBC}") = "CustomRenderers", "CustomRenderers\CustomRenderers.csproj", "{CF66CF92-B6D1-4701-B617-DED2B71E7640}"
EndProject
Project("{FAE04EC0-301F-11D3-BF4B-00C04F79EFBC}") = "CustomRenderers.iOS", "iOS\CustomRenderers.iOS.csproj", "{13AEA25C-8B51-497E-ADF8-E66DCB463DBD}"
EndProject
Project("{FAE04EC0-301F-11D3-BF4B-00C04F79EFBC}") = "CustomRenderers.Droid", "Droid\CustomRenderers.Droid.csproj", "{4E3F8B74-46A9-4969-BF71-BB09A5F41EA5}"
EndProject
Global
	GlobalSection(SolutionConfigurationPlatforms) = preSolution
		Debug|Any CPU = Debug|Any CPU
		Debug|iPhone = Debug|iPhone
		Debug|iPhoneSimulator = Debug|iPhoneSimulator
		Release|Any CPU = Release|Any CPU
		Release|iPhone = Release|iPhone
		Release|iPhoneSimulator = Release|iPhoneSimulator
	EndGlobalSection
	GlobalSection(ProjectConfigurationPlatforms) = postSolution
		{CF66CF92-B6D1-4701-B617-DED2B71E7640}.Debug|Any CPU.ActiveCfg = Debug|Any CPU
		{CF66CF92-B6D1-4701-B617-DED2B71E7640}.Debug|Any CPU.Build.0 = Debug|Any CPU
		{CF66CF92-B6D1-4701-B617-DED2B71E7640}.Debug|iPhone.ActiveCfg = Debug|Any CPU
		{CF66CF92-B6D1-4701-B617-DED2B71E7640}.Debug|iPhone.Build.0 = Debug|Any CPU
		{CF66CF92-B6D1-4701-B617-DED2B71E7640}.Debug|iPhoneSimulator.ActiveCfg = Debug|Any CPU
		{CF66CF92-B6D1-4701-B617-DED2B71E7640}.Debug|iPhoneSimulator.Build.0 = Debug|Any CPU
		{CF66CF92-B6D1-4701-B617-DED2B71E7640}.Release|Any CPU.ActiveCfg = Release|Any CPU
		{CF66CF92-B6D1-4701-B617-DED2B71E7640}.Release|Any CPU.Build.0 = Release|Any CPU
		{CF66CF92-B6D1-4701-B617-DED2B71E7640}.Release|iPhone.ActiveCfg = Release|Any CPU
		{CF66CF92-B6D1-4701-B617-DED2B71E7640}.Release|iPhone.Build.0 = Release|Any CPU
		{CF66CF92-B6D1-4701-B617-DED2B71E7640}.Release|iPhoneSimulator.ActiveCfg = Release|Any CPU
		{CF66CF92-B6D1-4701-B617-DED2B71E7640}.Release|iPhoneSimulator.Build.0 = Release|Any CPU
		{13AEA25C-8B51-497E-ADF8-E66DCB463DBD}.Debug|Any CPU.ActiveCfg = Debug|iPhoneSimulator
		{13AEA25C-8B51-497E-ADF8-E66DCB463DBD}.Debug|Any CPU.Build.0 = Debug|iPhoneSimulator
		{13AEA25C-8B51-497E-ADF8-E66DCB463DBD}.Debug|iPhone.ActiveCfg = Debug|iPhone
		{13AEA25C-8B51-497E-ADF8-E66DCB463DBD}.Debug|iPhone.Build.0 = Debug|iPhone
		{13AEA25C-8B51-497E-ADF8-E66DCB463DBD}.Debug|iPhoneSimulator.ActiveCfg = Debug|iPhoneSimulator
		{13AEA25C-8B51-497E-ADF8-E66DCB463DBD}.Debug|iPhoneSimulator.Build.0 = Debug|iPhoneSimulator
		{13AEA25C-8B51-497E-ADF8-E66DCB463DBD}.Release|Any CPU.ActiveCfg = Release|iPhone
		{13AEA25C-8B51-497E-ADF8-E66DCB463DBD}.Release|Any CPU.Build.0 = Release|iPhone
		{13AEA25C-8B51-497E-ADF8-E66DCB463DBD}.Release|iPhone.ActiveCfg = Release|iPhone
		{13AEA25C-8B51-497E-ADF8-E66DCB463DBD}.Release|iPhone.Build.0 = Release|iPhone
		{13AEA25C-8B51-497E-ADF8-E66DCB463DBD}.Release|iPhoneSimulator.ActiveCfg = Release|iPhoneSimulator
		{13AEA25C-8B51-497E-ADF8-E66DCB463DBD}.Release|iPhoneSimulator.Build.0 = Release|iPhoneSimulator
		{4E3F8B74-46A9-4969-BF71-BB09A5F41EA5}.Debug|Any CPU.ActiveCfg = Debug|Any CPU
		{4E3F8B74-46A9-4969-BF71-BB09A5F41EA5}.Debug|Any CPU.Build.0 = Debug|Any CPU
		{4E3F8B74-46A9-4969-BF71-BB09A5F41EA5}.Debug|Any CPU.Deploy.0 = Debug|Any CPU
		{4E3F8B74-46A9-4969-BF71-BB09A5F41EA5}.Debug|iPhone.ActiveCfg = Debug|Any CPU
		{4E3F8B74-46A9-4969-BF71-BB09A5F41EA5}.Debug|iPhone.Build.0 = Debug|Any CPU
		{4E3F8B74-46A9-4969-BF71-BB09A5F41EA5}.Debug|iPhoneSimulator.ActiveCfg = Debug|Any CPU
		{4E3F8B74-46A9-4969-BF71-BB09A5F41EA5}.Debug|iPhoneSimulator.Build.0 = Debug|Any CPU
		{4E3F8B74-46A9-4969-BF71-BB09A5F41EA5}.Release|Any CPU.ActiveCfg = Release|Any CPU
		{4E3F8B74-46A9-4969-BF71-BB09A5F41EA5}.Release|Any CPU.Build.0 = Release|Any CPU
		{4E3F8B74-46A9-4969-BF71-BB09A5F41EA5}.Release|iPhone.ActiveCfg = Release|Any CPU
		{4E3F8B74-46A9-4969-BF71-BB09A5F41EA5}.Release|iPhone.Build.0 = Release|Any CPU
		{4E3F8B74-46A9-4969-BF71-BB09A5F41EA5}.Release|iPhoneSimulator.ActiveCfg = Release|Any CPU
		{4E3F8B74-46A9-4969-BF71-BB09A5F41EA5}.Release|iPhoneSimulator.Build.0 = Release|Any CPU
	EndGlobalSection
	GlobalSection(SolutionProperties) = preSolution
		HideSolutionNode = FALSE
	EndGlobalSection
EndGlobal
